
Microsoft Visual Studio Solution File, Format Version 12.00
# Visual Studio Version 17
VisualStudioVersion = 17.4.33122.133
MinimumVisualStudioVersion = 10.0.40219.1
Project("{2150E333-8FDC-42A3-9474-1A3956D46DE8}") = "Services", "Services", "{7D33F037-D77C-443E-96D1-25A9F0936187}"
EndProject
Project("{2150E333-8FDC-42A3-9474-1A3956D46DE8}") = "Catalog", "Catalog", "{F806DB33-D78C-4D8B-902F-FE71B0828FE6}"
EndProject
Project("{9A19103F-16F7-4668-BE54-9A1E7A4F7556}") = "Catalog.API", "Services\Catalog\Catalog.API\Catalog.API.csproj", "{66CF3900-DFF5-4F40-9077-8AC53864480B}"
EndProject
Project("{E53339B2-1760-4266-BCC7-CA923CBCF16C}") = "docker-compose", "docker-compose.dcproj", "{F7C3682B-F2D6-408F-8461-CF19EBBAE411}"
EndProject
Global
	GlobalSection(SolutionConfigurationPlatforms) = preSolution
		Debug|Any CPU = Debug|Any CPU
		Release|Any CPU = Release|Any CPU
	EndGlobalSection
	GlobalSection(ProjectConfigurationPlatforms) = postSolution
		{66CF3900-DFF5-4F40-9077-8AC53864480B}.Debug|Any CPU.ActiveCfg = Debug|Any CPU
		{66CF3900-DFF5-4F40-9077-8AC53864480B}.Debug|Any CPU.Build.0 = Debug|Any CPU
		{66CF3900-DFF5-4F40-9077-8AC53864480B}.Release|Any CPU.ActiveCfg = Release|Any CPU
		{66CF3900-DFF5-4F40-9077-8AC53864480B}.Release|Any CPU.Build.0 = Release|Any CPU
		{F7C3682B-F2D6-408F-8461-CF19EBBAE411}.Debug|Any CPU.ActiveCfg = Debug|Any CPU
		{F7C3682B-F2D6-408F-8461-CF19EBBAE411}.Debug|Any CPU.Build.0 = Debug|Any CPU
		{F7C3682B-F2D6-408F-8461-CF19EBBAE411}.Release|Any CPU.ActiveCfg = Release|Any CPU
		{F7C3682B-F2D6-408F-8461-CF19EBBAE411}.Release|Any CPU.Build.0 = Release|Any CPU
	EndGlobalSection
	GlobalSection(SolutionProperties) = preSolution
		HideSolutionNode = FALSE
	EndGlobalSection
	GlobalSection(NestedProjects) = preSolution
		{F806DB33-D78C-4D8B-902F-FE71B0828FE6} = {7D33F037-D77C-443E-96D1-25A9F0936187}
		{66CF3900-DFF5-4F40-9077-8AC53864480B} = {F806DB33-D78C-4D8B-902F-FE71B0828FE6}
	EndGlobalSection
	GlobalSection(ExtensibilityGlobals) = postSolution
		SolutionGuid = {052B52B4-32BF-45B7-A686-31F80F76F122}
	EndGlobalSection
EndGlobal
